
Microsoft Visual Studio Solution File, Format Version 12.00
# Visual Studio Version 16
VisualStudioVersion = 16.0.32630.194
MinimumVisualStudioVersion = 10.0.40219.1
Project("{FAE04EC0-301F-11D3-BF4B-00C04F79EFBC}") = "NonGenericCollections", "NonGenericCollections\NonGenericCollections.csproj", "{F45B695E-1DB3-44AC-A85E-BEFA9D6BAAD2}"
EndProject
Global
	GlobalSection(SolutionConfigurationPlatforms) = preSolution
		Debug|Any CPU = Debug|Any CPU
		Release|Any CPU = Release|Any CPU
	EndGlobalSection
	GlobalSection(ProjectConfigurationPlatforms) = postSolution
		{F45B695E-1DB3-44AC-A85E-BEFA9D6BAAD2}.Debug|Any CPU.ActiveCfg = Debug|Any CPU
		{F45B695E-1DB3-44AC-A85E-BEFA9D6BAAD2}.Debug|Any CPU.Build.0 = Debug|Any CPU
		{F45B695E-1DB3-44AC-A85E-BEFA9D6BAAD2}.Release|Any CPU.ActiveCfg = Release|Any CPU
		{F45B695E-1DB3-44AC-A85E-BEFA9D6BAAD2}.Release|Any CPU.Build.0 = Release|Any CPU
	EndGlobalSection
	GlobalSection(SolutionProperties) = preSolution
		HideSolutionNode = FALSE
	EndGlobalSection
	GlobalSection(ExtensibilityGlobals) = postSolution
		SolutionGuid = {8697B221-969D-4E07-9592-10F4212629D7}
	EndGlobalSection
EndGlobal
